// !$*UTF8*$!
{
	archiveVersion = 1;
	classes = {
	};
	objectVersion = 46;
	objects = {

/* Begin PBXBuildFile section */
		3A4317201CE35BB600FBEC7B /* AppDelegate.swift in Sources */ = {isa = PBXBuildFile; fileRef = 3A43171F1CE35BB600FBEC7B /* AppDelegate.swift */; };
		3A4317221CE35BB600FBEC7B /* ViewController.swift in Sources */ = {isa = PBXBuildFile; fileRef = 3A4317211CE35BB600FBEC7B /* ViewController.swift */; };
		3A4317251CE35BB600FBEC7B /* Main.storyboard in Resources */ = {isa = PBXBuildFile; fileRef = 3A4317231CE35BB600FBEC7B /* Main.storyboard */; };
		3A4317271CE35BB600FBEC7B /* Assets.xcassets in Resources */ = {isa = PBXBuildFile; fileRef = 3A4317261CE35BB600FBEC7B /* Assets.xcassets */; };
		3A43172A1CE35BB600FBEC7B /* LaunchScreen.storyboard in Resources */ = {isa = PBXBuildFile; fileRef = 3A4317281CE35BB600FBEC7B /* LaunchScreen.storyboard */; };
		3A4317351CE35BB900FBEC7B /* StopwatchTests.swift in Sources */ = {isa = PBXBuildFile; fileRef = 3A4317341CE35BB900FBEC7B /* StopwatchTests.swift */; };
		3A4317401CE35BB900FBEC7B /* StopwatchUITests.swift in Sources */ = {isa = PBXBuildFile; fileRef = 3A43173F1CE35BB900FBEC7B /* StopwatchUITests.swift */; };
/* End PBXBuildFile section */

/* Begin PBXContainerItemProxy section */
		3A4317311CE35BB900FBEC7B /* PBXContainerItemProxy */ = {
			isa = PBXContainerItemProxy;
			containerPortal = 3A4317141CE35BB500FBEC7B /* Project object */;
			proxyType = 1;
			remoteGlobalIDString = 3A43171B1CE35BB500FBEC7B;
			remoteInfo = Stopwatch;
		};
		3A43173C1CE35BB900FBEC7B /* PBXContainerItemProxy */ = {
			isa = PBXContainerItemProxy;
			containerPortal = 3A4317141CE35BB500FBEC7B /* Project object */;
			proxyType = 1;
			remoteGlobalIDString = 3A43171B1CE35BB500FBEC7B;
			remoteInfo = Stopwatch;
		};
/* End PBXContainerItemProxy section */

/* Begin PBXFileReference section */
		3A43171C1CE35BB600FBEC7B /* Stopwatch.app */ = {isa = PBXFileReference; explicitFileType = wrapper.application; includeInIndex = 0; path = Stopwatch.app; sourceTree = BUILT_PRODUCTS_DIR; };
		3A43171F1CE35BB600FBEC7B /* AppDelegate.swift */ = {isa = PBXFileReference; lastKnownFileType = sourcecode.swift; path = AppDelegate.swift; sourceTree = "<group>"; };
		3A4317211CE35BB600FBEC7B /* ViewController.swift */ = {isa = PBXFileReference; lastKnownFileType = sourcecode.swift; path = ViewController.swift; sourceTree = "<group>"; };
		3A4317241CE35BB600FBEC7B /* Base */ = {isa = PBXFileReference; lastKnownFileType = file.storyboard; name = Base; path = Base.lproj/Main.storyboard; sourceTree = "<group>"; };
		3A4317261CE35BB600FBEC7B /* Assets.xcassets */ = {isa = PBXFileReference; lastKnownFileType = folder.assetcatalog; path = Assets.xcassets; sourceTree = "<group>"; };
		3A4317291CE35BB600FBEC7B /* Base */ = {isa = PBXFileReference; lastKnownFileType = file.storyboard; name = Base; path = Base.lproj/LaunchScreen.storyboard; sourceTree = "<group>"; };
		3A43172B1CE35BB600FBEC7B /* Info.plist */ = {isa = PBXFileReference; lastKnownFileType = text.plist.xml; path = Info.plist; sourceTree = "<group>"; };
		3A4317301CE35BB900FBEC7B /* StopwatchTests.xctest */ = {isa = PBXFileReference; explicitFileType = wrapper.cfbundle; includeInIndex = 0; path = StopwatchTests.xctest; sourceTree = BUILT_PRODUCTS_DIR; };
		3A4317341CE35BB900FBEC7B /* StopwatchTests.swift */ = {isa = PBXFileReference; lastKnownFileType = sourcecode.swift; path = StopwatchTests.swift; sourceTree = "<group>"; };
		3A4317361CE35BB900FBEC7B /* Info.plist */ = {isa = PBXFileReference; lastKnownFileType = text.plist.xml; path = Info.plist; sourceTree = "<group>"; };
		3A43173B1CE35BB900FBEC7B /* StopwatchUITests.xctest */ = {isa = PBXFileReference; explicitFileType = wrapper.cfbundle; includeInIndex = 0; path = StopwatchUITests.xctest; sourceTree = BUILT_PRODUCTS_DIR; };
		3A43173F1CE35BB900FBEC7B /* StopwatchUITests.swift */ = {isa = PBXFileReference; lastKnownFileType = sourcecode.swift; path = StopwatchUITests.swift; sourceTree = "<group>"; };
		3A4317411CE35BB900FBEC7B /* Info.plist */ = {isa = PBXFileReference; lastKnownFileType = text.plist.xml; path = Info.plist; sourceTree = "<group>"; };
/* End PBXFileReference section */

/* Begin PBXFrameworksBuildPhase section */
		3A4317191CE35BB500FBEC7B /* Frameworks */ = {
			isa = PBXFrameworksBuildPhase;
			buildActionMask = 2147483647;
			files = (
			);
			runOnlyForDeploymentPostprocessing = 0;
		};
		3A43172D1CE35BB900FBEC7B /* Frameworks */ = {
			isa = PBXFrameworksBuildPhase;
			buildActionMask = 2147483647;
			files = (
			);
			runOnlyForDeploymentPostprocessing = 0;
		};
		3A4317381CE35BB900FBEC7B /* Frameworks */ = {
			isa = PBXFrameworksBuildPhase;
			buildActionMask = 2147483647;
			files = (
			);
			runOnlyForDeploymentPostprocessing = 0;
		};
/* End PBXFrameworksBuildPhase section */

/* Begin PBXGroup section */
		3A4317131CE35BB500FBEC7B = {
			isa = PBXGroup;
			children = (
				3A43171E1CE35BB600FBEC7B /* Stopwatch */,
				3A4317331CE35BB900FBEC7B /* StopwatchTests */,
				3A43173E1CE35BB900FBEC7B /* StopwatchUITests */,
				3A43171D1CE35BB600FBEC7B /* Products */,
			);
			sourceTree = "<group>";
		};
		3A43171D1CE35BB600FBEC7B /* Products */ = {
			isa = PBXGroup;
			children = (
				3A43171C1CE35BB600FBEC7B /* Stopwatch.app */,
				3A4317301CE35BB900FBEC7B /* StopwatchTests.xctest */,
				3A43173B1CE35BB900FBEC7B /* StopwatchUITests.xctest */,
			);
			name = Products;
			sourceTree = "<group>";
		};
		3A43171E1CE35BB600FBEC7B /* Stopwatch */ = {
			isa = PBXGroup;
			children = (
				3A43171F1CE35BB600FBEC7B /* AppDelegate.swift */,
				3A4317211CE35BB600FBEC7B /* ViewController.swift */,
				3A4317231CE35BB600FBEC7B /* Main.storyboard */,
				3A4317261CE35BB600FBEC7B /* Assets.xcassets */,
				3A4317281CE35BB600FBEC7B /* LaunchScreen.storyboard */,
				3A43172B1CE35BB600FBEC7B /* Info.plist */,
			);
			path = Stopwatch;
			sourceTree = "<group>";
		};
		3A4317331CE35BB900FBEC7B /* StopwatchTests */ = {
			isa = PBXGroup;
			children = (
				3A4317341CE35BB900FBEC7B /* StopwatchTests.swift */,
				3A4317361CE35BB900FBEC7B /* Info.plist */,
			);
			path = StopwatchTests;
			sourceTree = "<group>";
		};
		3A43173E1CE35BB900FBEC7B /* StopwatchUITests */ = {
			isa = PBXGroup;
			children = (
				3A43173F1CE35BB900FBEC7B /* StopwatchUITests.swift */,
				3A4317411CE35BB900FBEC7B /* Info.plist */,
			);
			path = StopwatchUITests;
			sourceTree = "<group>";
		};
/* End PBXGroup section */

/* Begin PBXNativeTarget section */
		3A43171B1CE35BB500FBEC7B /* Stopwatch */ = {
			isa = PBXNativeTarget;
			buildConfigurationList = 3A4317441CE35BB900FBEC7B /* Build configuration list for PBXNativeTarget "Stopwatch" */;
			buildPhases = (
				3A4317181CE35BB500FBEC7B /* Sources */,
				3A4317191CE35BB500FBEC7B /* Frameworks */,
				3A43171A1CE35BB500FBEC7B /* Resources */,
			);
			buildRules = (
			);
			dependencies = (
			);
			name = Stopwatch;
			productName = Stopwatch;
			productReference = 3A43171C1CE35BB600FBEC7B /* Stopwatch.app */;
			productType = "com.apple.product-type.application";
		};
		3A43172F1CE35BB900FBEC7B /* StopwatchTests */ = {
			isa = PBXNativeTarget;
			buildConfigurationList = 3A4317471CE35BB900FBEC7B /* Build configuration list for PBXNativeTarget "StopwatchTests" */;
			buildPhases = (
				3A43172C1CE35BB900FBEC7B /* Sources */,
				3A43172D1CE35BB900FBEC7B /* Frameworks */,
				3A43172E1CE35BB900FBEC7B /* Resources */,
			);
			buildRules = (
			);
			dependencies = (
				3A4317321CE35BB900FBEC7B /* PBXTargetDependency */,
			);
			name = StopwatchTests;
			productName = StopwatchTests;
			productReference = 3A4317301CE35BB900FBEC7B /* StopwatchTests.xctest */;
			productType = "com.apple.product-type.bundle.unit-test";
		};
		3A43173A1CE35BB900FBEC7B /* StopwatchUITests */ = {
			isa = PBXNativeTarget;
			buildConfigurationList = 3A43174A1CE35BB900FBEC7B /* Build configuration list for PBXNativeTarget "StopwatchUITests" */;
			buildPhases = (
				3A4317371CE35BB900FBEC7B /* Sources */,
				3A4317381CE35BB900FBEC7B /* Frameworks */,
				3A4317391CE35BB900FBEC7B /* Resources */,
			);
			buildRules = (
			);
			dependencies = (
				3A43173D1CE35BB900FBEC7B /* PBXTargetDependency */,
			);
			name = StopwatchUITests;
			productName = StopwatchUITests;
			productReference = 3A43173B1CE35BB900FBEC7B /* StopwatchUITests.xctest */;
			productType = "com.apple.product-type.bundle.ui-testing";
		};
/* End PBXNativeTarget section */

/* Begin PBXProject section */
		3A4317141CE35BB500FBEC7B /* Project object */ = {
			isa = PBXProject;
			attributes = {
				LastSwiftUpdateCheck = 0730;
				LastUpgradeCheck = 0730;
				ORGANIZATIONNAME = "Christoph Schulz";
				TargetAttributes = {
					3A43171B1CE35BB500FBEC7B = {
						CreatedOnToolsVersion = 7.3.1;
					};
					3A43172F1CE35BB900FBEC7B = {
						CreatedOnToolsVersion = 7.3.1;
						TestTargetID = 3A43171B1CE35BB500FBEC7B;
					};
					3A43173A1CE35BB900FBEC7B = {
						CreatedOnToolsVersion = 7.3.1;
						TestTargetID = 3A43171B1CE35BB500FBEC7B;
					};
				};
			};
			buildConfigurationList = 3A4317171CE35BB500FBEC7B /* Build configuration list for PBXProject "Stopwatch" */;
			compatibilityVersion = "Xcode 3.2";
			developmentRegion = English;
			hasScannedForEncodings = 0;
			knownRegions = (
				en,
				Base,
			);
			mainGroup = 3A4317131CE35BB500FBEC7B;
			productRefGroup = 3A43171D1CE35BB600FBEC7B /* Products */;
			projectDirPath = "";
			projectRoot = "";
			targets = (
				3A43171B1CE35BB500FBEC7B /* Stopwatch */,
				3A43172F1CE35BB900FBEC7B /* StopwatchTests */,
				3A43173A1CE35BB900FBEC7B /* StopwatchUITests */,
			);
		};
/* End PBXProject section */

/* Begin PBXResourcesBuildPhase section */
		3A43171A1CE35BB500FBEC7B /* Resources */ = {
			isa = PBXResourcesBuildPhase;
			buildActionMask = 2147483647;
			files = (
				3A43172A1CE35BB600FBEC7B /* LaunchScreen.storyboard in Resources */,
				3A4317271CE35BB600FBEC7B /* Assets.xcassets in Resources */,
				3A4317251CE35BB600FBEC7B /* Main.storyboard in Resources */,
			);
			runOnlyForDeploymentPostprocessing = 0;
		};
		3A43172E1CE35BB900FBEC7B /* Resources */ = {
			isa = PBXResourcesBuildPhase;
			buildActionMask = 2147483647;
			files = (
			);
			runOnlyForDeploymentPostprocessing = 0;
		};
		3A4317391CE35BB900FBEC7B /* Resources */ = {
			isa = PBXResourcesBuildPhase;
			buildActionMask = 2147483647;
			files = (
			);
			runOnlyForDeploymentPostprocessing = 0;
		};
/* End PBXResourcesBuildPhase section */

/* Begin PBXSourcesBuildPhase section */
		3A4317181CE35BB500FBEC7B /* Sources */ = {
			isa = PBXSourcesBuildPhase;
			buildActionMask = 2147483647;
			files = (
				3A4317221CE35BB600FBEC7B /* ViewController.swift in Sources */,
				3A4317201CE35BB600FBEC7B /* AppDelegate.swift in Sources */,
			);
			runOnlyForDeploymentPostprocessing = 0;
		};
		3A43172C1CE35BB900FBEC7B /* Sources */ = {
			isa = PBXSourcesBuildPhase;
			buildActionMask = 2147483647;
			files = (
				3A4317351CE35BB900FBEC7B /* StopwatchTests.swift in Sources */,
			);
			runOnlyForDeploymentPostprocessing = 0;
		};
		3A4317371CE35BB900FBEC7B /* Sources */ = {
			isa = PBXSourcesBuildPhase;
			buildActionMask = 2147483647;
			files = (
				3A4317401CE35BB900FBEC7B /* StopwatchUITests.swift in Sources */,
			);
			runOnlyForDeploymentPostprocessing = 0;
		};
/* End PBXSourcesBuildPhase section */

/* Begin PBXTargetDependency section */
		3A4317321CE35BB900FBEC7B /* PBXTargetDependency */ = {
			isa = PBXTargetDependency;
			target = 3A43171B1CE35BB500FBEC7B /* Stopwatch */;
			targetProxy = 3A4317311CE35BB900FBEC7B /* PBXContainerItemProxy */;
		};
		3A43173D1CE35BB900FBEC7B /* PBXTargetDependency */ = {
			isa = PBXTargetDependency;
			target = 3A43171B1CE35BB500FBEC7B /* Stopwatch */;
			targetProxy = 3A43173C1CE35BB900FBEC7B /* PBXContainerItemProxy */;
		};
/* End PBXTargetDependency section */

/* Begin PBXVariantGroup section */
		3A4317231CE35BB600FBEC7B /* Main.storyboard */ = {
			isa = PBXVariantGroup;
			children = (
				3A4317241CE35BB600FBEC7B /* Base */,
			);
			name = Main.storyboard;
			sourceTree = "<group>";
		};
		3A4317281CE35BB600FBEC7B /* LaunchScreen.storyboard */ = {
			isa = PBXVariantGroup;
			children = (
				3A4317291CE35BB600FBEC7B /* Base */,
			);
			name = LaunchScreen.storyboard;
			sourceTree = "<group>";
		};
/* End PBXVariantGroup section */

/* Begin XCBuildConfiguration section */
		3A4317421CE35BB900FBEC7B /* Debug */ = {
			isa = XCBuildConfiguration;
			buildSettings = {
				ALWAYS_SEARCH_USER_PATHS = NO;
				CLANG_ANALYZER_NONNULL = YES;
				CLANG_CXX_LANGUAGE_STANDARD = "gnu++0x";
				CLANG_CXX_LIBRARY = "libc++";
				CLANG_ENABLE_MODULES = YES;
				CLANG_ENABLE_OBJC_ARC = YES;
				CLANG_WARN_BOOL_CONVERSION = YES;
				CLANG_WARN_CONSTANT_CONVERSION = YES;
				CLANG_WARN_DIRECT_OBJC_ISA_USAGE = YES_ERROR;
				CLANG_WARN_EMPTY_BODY = YES;
				CLANG_WARN_ENUM_CONVERSION = YES;
				CLANG_WARN_INT_CONVERSION = YES;
				CLANG_WARN_OBJC_ROOT_CLASS = YES_ERROR;
				CLANG_WARN_UNREACHABLE_CODE = YES;
				CLANG_WARN__DUPLICATE_METHOD_MATCH = YES;
				"CODE_SIGN_IDENTITY[sdk=iphoneos*]" = "iPhone Developer";
				COPY_PHASE_STRIP = NO;
				DEBUG_INFORMATION_FORMAT = dwarf;
				ENABLE_STRICT_OBJC_MSGSEND = YES;
				ENABLE_TESTABILITY = YES;
				GCC_C_LANGUAGE_STANDARD = gnu99;
				GCC_DYNAMIC_NO_PIC = NO;
				GCC_NO_COMMON_BLOCKS = YES;
				GCC_OPTIMIZATION_LEVEL = 0;
				GCC_PREPROCESSOR_DEFINITIONS = (
					"DEBUG=1",
					"$(inherited)",
				);
				GCC_WARN_64_TO_32_BIT_CONVERSION = YES;
				GCC_WARN_ABOUT_RETURN_TYPE = YES_ERROR;
				GCC_WARN_UNDECLARED_SELECTOR = YES;
				GCC_WARN_UNINITIALIZED_AUTOS = YES_AGGRESSIVE;
				GCC_WARN_UNUSED_FUNCTION = YES;
				GCC_WARN_UNUSED_VARIABLE = YES;
				IPHONEOS_DEPLOYMENT_TARGET = 9.3;
				MTL_ENABLE_DEBUG_INFO = YES;
				ONLY_ACTIVE_ARCH = YES;
				SDKROOT = iphoneos;
				SWIFT_OPTIMIZATION_LEVEL = "-Onone";
				TARGETED_DEVICE_FAMILY = "1,2";
			};
			name = Debug;
		};
		3A4317431CE35BB900FBEC7B /* Release */ = {
			isa = XCBuildConfiguration;
			buildSettings = {
				ALWAYS_SEARCH_USER_PATHS = NO;
				CLANG_ANALYZER_NONNULL = YES;
				CLANG_CXX_LANGUAGE_STANDARD = "gnu++0x";
				CLANG_CXX_LIBRARY = "libc++";
				CLANG_ENABLE_MODULES = YES;
				CLANG_ENABLE_OBJC_ARC = YES;
				CLANG_WARN_BOOL_CONVERSION = YES;
				CLANG_WARN_CONSTANT_CONVERSION = YES;
				CLANG_WARN_DIRECT_OBJC_ISA_USAGE = YES_ERROR;
				CLANG_WARN_EMPTY_BODY = YES;
				CLANG_WARN_ENUM_CONVERSION = YES;
				CLANG_WARN_INT_CONVERSION = YES;
				CLANG_WARN_OBJC_ROOT_CLASS = YES_ERROR;
				CLANG_WARN_UNREACHABLE_CODE = YES;
				CLANG_WARN__DUPLICATE_METHOD_MATCH = YES;
				"CODE_SIGN_IDENTITY[sdk=iphoneos*]" = "iPhone Developer";
				COPY_PHASE_STRIP = NO;
				DEBUG_INFORMATION_FORMAT = "dwarf-with-dsym";
				ENABLE_NS_ASSERTIONS = NO;
				ENABLE_STRICT_OBJC_MSGSEND = YES;
				GCC_C_LANGUAGE_STANDARD = gnu99;
				GCC_NO_COMMON_BLOCKS = YES;
				GCC_WARN_64_TO_32_BIT_CONVERSION = YES;
				GCC_WARN_ABOUT_RETURN_TYPE = YES_ERROR;
				GCC_WARN_UNDECLARED_SELECTOR = YES;
				GCC_WARN_UNINITIALIZED_AUTOS = YES_AGGRESSIVE;
				GCC_WARN_UNUSED_FUNCTION = YES;
				GCC_WARN_UNUSED_VARIABLE = YES;
				IPHONEOS_DEPLOYMENT_TARGET = 9.3;
				MTL_ENABLE_DEBUG_INFO = NO;
				SDKROOT = iphoneos;
				TARGETED_DEVICE_FAMILY = "1,2";
				VALIDATE_PRODUCT = YES;
			};
			name = Release;
		};
		3A4317451CE35BB900FBEC7B /* Debug */ = {
			isa = XCBuildConfiguration;
			buildSettings = {
				ASSETCATALOG_COMPILER_APPICON_NAME = AppIcon;
				INFOPLIST_FILE = Stopwatch/Info.plist;
				LD_RUNPATH_SEARCH_PATHS = "$(inherited) @executable_path/Frameworks";
				PRODUCT_BUNDLE_IDENTIFIER = CS.Stopwatch;
				PRODUCT_NAME = "$(TARGET_NAME)";
			};
			name = Debug;
		};
		3A4317461CE35BB900FBEC7B /* Release */ = {
			isa = XCBuildConfiguration;
			buildSettings = {
				ASSETCATALOG_COMPILER_APPICON_NAME = AppIcon;
				INFOPLIST_FILE = Stopwatch/Info.plist;
				LD_RUNPATH_SEARCH_PATHS = "$(inherited) @executable_path/Frameworks";
				PRODUCT_BUNDLE_IDENTIFIER = CS.Stopwatch;
				PRODUCT_NAME = "$(TARGET_NAME)";
			};
			name = Release;
		};
		3A4317481CE35BB900FBEC7B /* Debug */ = {
			isa = XCBuildConfiguration;
			buildSettings = {
				BUNDLE_LOADER = "$(TEST_HOST)";
				INFOPLIST_FILE = StopwatchTests/Info.plist;
				LD_RUNPATH_SEARCH_PATHS = "$(inherited) @executable_path/Frameworks @loader_path/Frameworks";
				PRODUCT_BUNDLE_IDENTIFIER = CS.StopwatchTests;
				PRODUCT_NAME = "$(TARGET_NAME)";
				TEST_HOST = "$(BUILT_PRODUCTS_DIR)/Stopwatch.app/Stopwatch";
			};
			name = Debug;
		};
		3A4317491CE35BB900FBEC7B /* Release */ = {
			isa = XCBuildConfiguration;
			buildSettings = {
				BUNDLE_LOADER = "$(TEST_HOST)";
				INFOPLIST_FILE = StopwatchTests/Info.plist;
				LD_RUNPATH_SEARCH_PATHS = "$(inherited) @executable_path/Frameworks @loader_path/Frameworks";
				PRODUCT_BUNDLE_IDENTIFIER = CS.StopwatchTests;
				PRODUCT_NAME = "$(TARGET_NAME)";
				TEST_HOST = "$(BUILT_PRODUCTS_DIR)/Stopwatch.app/Stopwatch";
			};
			name = Release;
		};
		3A43174B1CE35BB900FBEC7B /* Debug */ = {
			isa = XCBuildConfiguration;
			buildSettings = {
				INFOPLIST_FILE = StopwatchUITests/Info.plist;
				LD_RUNPATH_SEARCH_PATHS = "$(inherited) @executable_path/Frameworks @loader_path/Frameworks";
				PRODUCT_BUNDLE_IDENTIFIER = CS.StopwatchUITests;
				PRODUCT_NAME = "$(TARGET_NAME)";
				TEST_TARGET_NAME = Stopwatch;
			};
			name = Debug;
		};
		3A43174C1CE35BB900FBEC7B /* Release */ = {
			isa = XCBuildConfiguration;
			buildSettings = {
				INFOPLIST_FILE = StopwatchUITests/Info.plist;
				LD_RUNPATH_SEARCH_PATHS = "$(inherited) @executable_path/Frameworks @loader_path/Frameworks";
				PRODUCT_BUNDLE_IDENTIFIER = CS.StopwatchUITests;
				PRODUCT_NAME = "$(TARGET_NAME)";
				TEST_TARGET_NAME = Stopwatch;
			};
			name = Release;
		};
/* End XCBuildConfiguration section */

/* Begin XCConfigurationList section */
		3A4317171CE35BB500FBEC7B /* Build configuration list for PBXProject "Stopwatch" */ = {
			isa = XCConfigurationList;
			buildConfigurations = (
				3A4317421CE35BB900FBEC7B /* Debug */,
				3A4317431CE35BB900FBEC7B /* Release */,
			);
			defaultConfigurationIsVisible = 0;
			defaultConfigurationName = Release;
		};
		3A4317441CE35BB900FBEC7B /* Build configuration list for PBXNativeTarget "Stopwatch" */ = {
			isa = XCConfigurationList;
			buildConfigurations = (
				3A4317451CE35BB900FBEC7B /* Debug */,
				3A4317461CE35BB900FBEC7B /* Release */,
			);
			defaultConfigurationIsVisible = 0;
		};
		3A4317471CE35BB900FBEC7B /* Build configuration list for PBXNativeTarget "StopwatchTests" */ = {
			isa = XCConfigurationList;
			buildConfigurations = (
				3A4317481CE35BB900FBEC7B /* Debug */,
				3A4317491CE35BB900FBEC7B /* Release */,
			);
			defaultConfigurationIsVisible = 0;
		};
		3A43174A1CE35BB900FBEC7B /* Build configuration list for PBXNativeTarget "StopwatchUITests" */ = {
			isa = XCConfigurationList;
			buildConfigurations = (
				3A43174B1CE35BB900FBEC7B /* Debug */,
				3A43174C1CE35BB900FBEC7B /* Release */,
			);
			defaultConfigurationIsVisible = 0;
		};
/* End XCConfigurationList section */
	};
	rootObject = 3A4317141CE35BB500FBEC7B /* Project object */;
}
